
Microsoft Visual Studio Solution File, Format Version 12.00
# Visual Studio Version 17
VisualStudioVersion = 17.0.31903.59
MinimumVisualStudioVersion = 10.0.40219.1
Project("{9A19103F-16F7-4668-BE54-9A1E7A4F7556}") = "LINQ_Practice", "LINQ_Practice\LINQ_Practice.csproj", "{0425E03A-EFD1-404D-BE55-E43DE6F5F4B2}"
EndProject
Global
	GlobalSection(SolutionConfigurationPlatforms) = preSolution
		Debug|Any CPU = Debug|Any CPU
		Release|Any CPU = Release|Any CPU
	EndGlobalSection
	GlobalSection(ProjectConfigurationPlatforms) = postSolution
		{0425E03A-EFD1-404D-BE55-E43DE6F5F4B2}.Debug|Any CPU.ActiveCfg = Debug|Any CPU
		{0425E03A-EFD1-404D-BE55-E43DE6F5F4B2}.Debug|Any CPU.Build.0 = Debug|Any CPU
		{0425E03A-EFD1-404D-BE55-E43DE6F5F4B2}.Release|Any CPU.ActiveCfg = Release|Any CPU
		{0425E03A-EFD1-404D-BE55-E43DE6F5F4B2}.Release|Any CPU.Build.0 = Release|Any CPU
	EndGlobalSection
	GlobalSection(SolutionProperties) = preSolution
		HideSolutionNode = FALSE
	EndGlobalSection
	GlobalSection(ExtensibilityGlobals) = postSolution
		SolutionGuid = {0D6F7B7B-0F99-435D-A648-63EEA17EC6D1}
	EndGlobalSection
EndGlobal
